
Microsoft Visual Studio Solution File, Format Version 12.00
# Visual Studio Version 16
VisualStudioVersion = 16.0.29009.5
MinimumVisualStudioVersion = 10.0.40219.1
Project("{2150E333-8FDC-42A3-9474-1A3956D46DE8}") = "Services", "Services", "{6A67C71F-D7E9-418C-9261-2E0CACB98A76}"
EndProject
Project("{2150E333-8FDC-42A3-9474-1A3956D46DE8}") = "WebApps", "WebApps", "{C65B0AF6-50E5-4CC4-B87A-F620B88F0A8F}"
EndProject
Project("{2150E333-8FDC-42A3-9474-1A3956D46DE8}") = "Catalog", "Catalog", "{5E0CD496-4A6E-4A32-B112-26E0A02BA5E5}"
EndProject
Project("{2150E333-8FDC-42A3-9474-1A3956D46DE8}") = "Core", "Core", "{E0D67B21-665A-4999-9A9D-6C63BD62D2F3}"
EndProject
Project("{2150E333-8FDC-42A3-9474-1A3956D46DE8}") = "Sales", "Sales", "{341129F7-746A-4C09-90E6-4C76D812F463}"
EndProject
Project("{2150E333-8FDC-42A3-9474-1A3956D46DE8}") = "Tests", "Tests", "{04942D63-5E9E-484B-95F5-060538CAFEF4}"
EndProject
Project("{9A19103F-16F7-4668-BE54-9A1E7A4F7556}") = "CommonStore.Catalog.Application", "src\CommonStore.Catalog.Application\CommonStore.Catalog.Application.csproj", "{D4E3A625-9F6A-4BF4-BDC9-451F61C1762D}"
EndProject
Project("{9A19103F-16F7-4668-BE54-9A1E7A4F7556}") = "CommonStore.Catalog.Data", "src\CommonStore.Catalog.Data\CommonStore.Catalog.Data.csproj", "{1349531E-2FF8-4A87-8AB7-2519C54827F6}"
EndProject
Project("{9A19103F-16F7-4668-BE54-9A1E7A4F7556}") = "CommonStore.Catalog.Domain", "src\CommonStore.Catalog.Domain\CommonStore.Catalog.Domain.csproj", "{08A6E7FC-2566-481D-A7A0-7A0A9DA2B89F}"
EndProject
Project("{9A19103F-16F7-4668-BE54-9A1E7A4F7556}") = "CommonStore.Core", "src\CommonStore.Core\CommonStore.Core.csproj", "{AAF0CDC2-9C7A-4105-A31C-E5B3C52BD4DE}"
EndProject
Project("{9A19103F-16F7-4668-BE54-9A1E7A4F7556}") = "CommonStore.Sales.Application", "src\CommonStore.Sales.Application\CommonStore.Sales.Application.csproj", "{8EC5D201-56A6-49B9-9DCB-32548D2B9FFE}"
EndProject
Project("{9A19103F-16F7-4668-BE54-9A1E7A4F7556}") = "CommonStore.Sales.Data", "src\CommonStore.Sales.Data\CommonStore.Sales.Data.csproj", "{48B84865-D045-4144-BC70-24F5AF83F9D2}"
EndProject
Project("{9A19103F-16F7-4668-BE54-9A1E7A4F7556}") = "CommonStore.Sales.Domain", "src\CommonStore.Sales.Domain\CommonStore.Sales.Domain.csproj", "{A1FF51B6-4E71-477C-A43E-5F80A2DDA35A}"
EndProject
Project("{9A19103F-16F7-4668-BE54-9A1E7A4F7556}") = "CommonStore.WebApp.MVC", "src\CommonStore.WebApp.MVC\CommonStore.WebApp.MVC.csproj", "{59EFBED7-953A-446E-9FBD-AA3006464F8A}"
EndProject
Project("{9A19103F-16F7-4668-BE54-9A1E7A4F7556}") = "CommonStore.Catalog.Domain.Tests", "tests\CommonStore.Catalog.Domain.Tests\CommonStore.Catalog.Domain.Tests.csproj", "{CC93043D-410F-473C-8E4F-B20B7403BE1A}"
EndProject
Global
	GlobalSection(SolutionConfigurationPlatforms) = preSolution
		Debug|Any CPU = Debug|Any CPU
		Release|Any CPU = Release|Any CPU
	EndGlobalSection
	GlobalSection(ProjectConfigurationPlatforms) = postSolution
		{D4E3A625-9F6A-4BF4-BDC9-451F61C1762D}.Debug|Any CPU.ActiveCfg = Debug|Any CPU
		{D4E3A625-9F6A-4BF4-BDC9-451F61C1762D}.Debug|Any CPU.Build.0 = Debug|Any CPU
		{D4E3A625-9F6A-4BF4-BDC9-451F61C1762D}.Release|Any CPU.ActiveCfg = Release|Any CPU
		{D4E3A625-9F6A-4BF4-BDC9-451F61C1762D}.Release|Any CPU.Build.0 = Release|Any CPU
		{1349531E-2FF8-4A87-8AB7-2519C54827F6}.Debug|Any CPU.ActiveCfg = Debug|Any CPU
		{1349531E-2FF8-4A87-8AB7-2519C54827F6}.Debug|Any CPU.Build.0 = Debug|Any CPU
		{1349531E-2FF8-4A87-8AB7-2519C54827F6}.Release|Any CPU.ActiveCfg = Release|Any CPU
		{1349531E-2FF8-4A87-8AB7-2519C54827F6}.Release|Any CPU.Build.0 = Release|Any CPU
		{08A6E7FC-2566-481D-A7A0-7A0A9DA2B89F}.Debug|Any CPU.ActiveCfg = Debug|Any CPU
		{08A6E7FC-2566-481D-A7A0-7A0A9DA2B89F}.Debug|Any CPU.Build.0 = Debug|Any CPU
		{08A6E7FC-2566-481D-A7A0-7A0A9DA2B89F}.Release|Any CPU.ActiveCfg = Release|Any CPU
		{08A6E7FC-2566-481D-A7A0-7A0A9DA2B89F}.Release|Any CPU.Build.0 = Release|Any CPU
		{AAF0CDC2-9C7A-4105-A31C-E5B3C52BD4DE}.Debug|Any CPU.ActiveCfg = Debug|Any CPU
		{AAF0CDC2-9C7A-4105-A31C-E5B3C52BD4DE}.Debug|Any CPU.Build.0 = Debug|Any CPU
		{AAF0CDC2-9C7A-4105-A31C-E5B3C52BD4DE}.Release|Any CPU.ActiveCfg = Release|Any CPU
		{AAF0CDC2-9C7A-4105-A31C-E5B3C52BD4DE}.Release|Any CPU.Build.0 = Release|Any CPU
		{8EC5D201-56A6-49B9-9DCB-32548D2B9FFE}.Debug|Any CPU.ActiveCfg = Debug|Any CPU
		{8EC5D201-56A6-49B9-9DCB-32548D2B9FFE}.Debug|Any CPU.Build.0 = Debug|Any CPU
		{8EC5D201-56A6-49B9-9DCB-32548D2B9FFE}.Release|Any CPU.ActiveCfg = Release|Any CPU
		{8EC5D201-56A6-49B9-9DCB-32548D2B9FFE}.Release|Any CPU.Build.0 = Release|Any CPU
		{48B84865-D045-4144-BC70-24F5AF83F9D2}.Debug|Any CPU.ActiveCfg = Debug|Any CPU
		{48B84865-D045-4144-BC70-24F5AF83F9D2}.Debug|Any CPU.Build.0 = Debug|Any CPU
		{48B84865-D045-4144-BC70-24F5AF83F9D2}.Release|Any CPU.ActiveCfg = Release|Any CPU
		{48B84865-D045-4144-BC70-24F5AF83F9D2}.Release|Any CPU.Build.0 = Release|Any CPU
		{A1FF51B6-4E71-477C-A43E-5F80A2DDA35A}.Debug|Any CPU.ActiveCfg = Debug|Any CPU
		{A1FF51B6-4E71-477C-A43E-5F80A2DDA35A}.Debug|Any CPU.Build.0 = Debug|Any CPU
		{A1FF51B6-4E71-477C-A43E-5F80A2DDA35A}.Release|Any CPU.ActiveCfg = Release|Any CPU
		{A1FF51B6-4E71-477C-A43E-5F80A2DDA35A}.Release|Any CPU.Build.0 = Release|Any CPU
		{59EFBED7-953A-446E-9FBD-AA3006464F8A}.Debug|Any CPU.ActiveCfg = Debug|Any CPU
		{59EFBED7-953A-446E-9FBD-AA3006464F8A}.Debug|Any CPU.Build.0 = Debug|Any CPU
		{59EFBED7-953A-446E-9FBD-AA3006464F8A}.Release|Any CPU.ActiveCfg = Release|Any CPU
		{59EFBED7-953A-446E-9FBD-AA3006464F8A}.Release|Any CPU.Build.0 = Release|Any CPU
		{CC93043D-410F-473C-8E4F-B20B7403BE1A}.Debug|Any CPU.ActiveCfg = Debug|Any CPU
		{CC93043D-410F-473C-8E4F-B20B7403BE1A}.Debug|Any CPU.Build.0 = Debug|Any CPU
		{CC93043D-410F-473C-8E4F-B20B7403BE1A}.Release|Any CPU.ActiveCfg = Release|Any CPU
		{CC93043D-410F-473C-8E4F-B20B7403BE1A}.Release|Any CPU.Build.0 = Release|Any CPU
	EndGlobalSection
	GlobalSection(SolutionProperties) = preSolution
		HideSolutionNode = FALSE
	EndGlobalSection
	GlobalSection(NestedProjects) = preSolution
		{5E0CD496-4A6E-4A32-B112-26E0A02BA5E5} = {6A67C71F-D7E9-418C-9261-2E0CACB98A76}
		{E0D67B21-665A-4999-9A9D-6C63BD62D2F3} = {6A67C71F-D7E9-418C-9261-2E0CACB98A76}
		{341129F7-746A-4C09-90E6-4C76D812F463} = {6A67C71F-D7E9-418C-9261-2E0CACB98A76}
		{04942D63-5E9E-484B-95F5-060538CAFEF4} = {5E0CD496-4A6E-4A32-B112-26E0A02BA5E5}
		{D4E3A625-9F6A-4BF4-BDC9-451F61C1762D} = {5E0CD496-4A6E-4A32-B112-26E0A02BA5E5}
		{1349531E-2FF8-4A87-8AB7-2519C54827F6} = {5E0CD496-4A6E-4A32-B112-26E0A02BA5E5}
		{08A6E7FC-2566-481D-A7A0-7A0A9DA2B89F} = {5E0CD496-4A6E-4A32-B112-26E0A02BA5E5}
		{AAF0CDC2-9C7A-4105-A31C-E5B3C52BD4DE} = {E0D67B21-665A-4999-9A9D-6C63BD62D2F3}
		{8EC5D201-56A6-49B9-9DCB-32548D2B9FFE} = {341129F7-746A-4C09-90E6-4C76D812F463}
		{48B84865-D045-4144-BC70-24F5AF83F9D2} = {341129F7-746A-4C09-90E6-4C76D812F463}
		{A1FF51B6-4E71-477C-A43E-5F80A2DDA35A} = {341129F7-746A-4C09-90E6-4C76D812F463}
		{59EFBED7-953A-446E-9FBD-AA3006464F8A} = {C65B0AF6-50E5-4CC4-B87A-F620B88F0A8F}
		{CC93043D-410F-473C-8E4F-B20B7403BE1A} = {04942D63-5E9E-484B-95F5-060538CAFEF4}
	EndGlobalSection
	GlobalSection(ExtensibilityGlobals) = postSolution
		SolutionGuid = {65D72384-F17B-4AFF-9FF1-9267E7BD3F9D}
	EndGlobalSection
EndGlobal
