
Microsoft Visual Studio Solution File, Format Version 12.00
# Visual Studio Version 16
VisualStudioVersion = 16.0.29009.5
MinimumVisualStudioVersion = 10.0.40219.1
Project("{2150E333-8FDC-42A3-9474-1A3956D46DE8}") = "Services", "Services", "{6A67C71F-D7E9-418C-9261-2E0CACB98A76}"
EndProject
Project("{2150E333-8FDC-42A3-9474-1A3956D46DE8}") = "WebApps", "WebApps", "{C65B0AF6-50E5-4CC4-B87A-F620B88F0A8F}"
EndProject
Project("{2150E333-8FDC-42A3-9474-1A3956D46DE8}") = "Catalog", "Catalog", "{5E0CD496-4A6E-4A32-B112-26E0A02BA5E5}"
EndProject
Project("{2150E333-8FDC-42A3-9474-1A3956D46DE8}") = "Core", "Core", "{E0D67B21-665A-4999-9A9D-6C63BD62D2F3}"
EndProject
Project("{2150E333-8FDC-42A3-9474-1A3956D46DE8}") = "Sales", "Sales", "{341129F7-746A-4C09-90E6-4C76D812F463}"
EndProject
Project("{2150E333-8FDC-42A3-9474-1A3956D46DE8}") = "Tests", "Tests", "{04942D63-5E9E-484B-95F5-060538CAFEF4}"
EndProject
Project("{9A19103F-16F7-4668-BE54-9A1E7A4F7556}") = "WebStore.Catalog.Domain.Tests", "tests\WebStore.Catalog.Domain.Tests\WebStore.Catalog.Domain.Tests.csproj", "{7E0447A3-A161-4204-B088-CF43326778BF}"
EndProject
Project("{9A19103F-16F7-4668-BE54-9A1E7A4F7556}") = "WebStore.Catalog.Application", "src\WebStore.Catalog.Application\WebStore.Catalog.Application.csproj", "{CC86F52D-3846-47FA-93CA-05FB590B3BE5}"
EndProject
Project("{9A19103F-16F7-4668-BE54-9A1E7A4F7556}") = "WebStore.Catalog.Data", "src\WebStore.Catalog.Data\WebStore.Catalog.Data.csproj", "{90EAEFD3-3AC7-4680-B98B-F749DB6DD791}"
EndProject
Project("{9A19103F-16F7-4668-BE54-9A1E7A4F7556}") = "WebStore.Catalog.Domain", "src\WebStore.Catalog.Domain\WebStore.Catalog.Domain.csproj", "{69A01028-1DDF-40A0-80D4-3016FF1EF344}"
EndProject
Project("{9A19103F-16F7-4668-BE54-9A1E7A4F7556}") = "WebStore.Core", "src\WebStore.Core\WebStore.Core.csproj", "{B01A0EC7-3BE9-4F2C-8025-0119E014EE0E}"
EndProject
Project("{9A19103F-16F7-4668-BE54-9A1E7A4F7556}") = "WebStore.Sales.Application", "src\WebStore.Sales.Application\WebStore.Sales.Application.csproj", "{386C01E2-F53B-4496-A56C-2EC7CC881B34}"
EndProject
Project("{9A19103F-16F7-4668-BE54-9A1E7A4F7556}") = "WebStore.Sales.Domain", "src\WebStore.Sales.Domain\WebStore.Sales.Domain.csproj", "{E4B4C313-9EF4-4FD9-B722-4F46E11D7EA6}"
EndProject
Project("{9A19103F-16F7-4668-BE54-9A1E7A4F7556}") = "WebStore.Sales.Data", "src\WebStore.Sales.Data\WebStore.Sales.Data.csproj", "{02B76BA9-6245-4376-87B8-7C28A86B4F67}"
EndProject
Project("{9A19103F-16F7-4668-BE54-9A1E7A4F7556}") = "WebStore.WebApp.MVC", "src\WebStore.WebApp.MVC\WebStore.WebApp.MVC.csproj", "{845C4896-FBB2-42B5-B968-A08B2655714A}"
EndProject
Project("{2150E333-8FDC-42A3-9474-1A3956D46DE8}") = "Payments", "Payments", "{0D8820CF-7B54-47DF-8E27-2D0D852AAB76}"
EndProject
Project("{9A19103F-16F7-4668-BE54-9A1E7A4F7556}") = "WebStore.Payments.Data", "src\WebStore.Payments.Data\WebStore.Payments.Data.csproj", "{E178415A-3C8C-49B1-AB42-4B7C44F63B68}"
EndProject
Project("{9A19103F-16F7-4668-BE54-9A1E7A4F7556}") = "WebStore.Payments.AntiCorruption", "src\WebStore.Payments.AntiCorruption\WebStore.Payments.AntiCorruption.csproj", "{3F2416E5-7547-4BDB-BA3A-3988C8C3F6AB}"
EndProject
Project("{9A19103F-16F7-4668-BE54-9A1E7A4F7556}") = "WebStore.Payments.Business", "src\WebStore.Payments.Business\WebStore.Payments.Business.csproj", "{EFB8F325-94BE-45E5-B5D1-E3F3DE65519C}"
EndProject
Project("{2150E333-8FDC-42A3-9474-1A3956D46DE8}") = "BuildingBlocks", "BuildingBlocks", "{E72ECB19-6F57-4269-A1B3-20356B8474EE}"
EndProject
Project("{FAE04EC0-301F-11D3-BF4B-00C04F79EFBC}") = "EventSourcing", "src\EventSourcing\EventSourcing.csproj", "{18960C51-8C4F-4B18-874E-CB50EB16C502}"
EndProject
Global
	GlobalSection(SolutionConfigurationPlatforms) = preSolution
		Debug|Any CPU = Debug|Any CPU
		Release|Any CPU = Release|Any CPU
	EndGlobalSection
	GlobalSection(ProjectConfigurationPlatforms) = postSolution
		{7E0447A3-A161-4204-B088-CF43326778BF}.Debug|Any CPU.ActiveCfg = Debug|Any CPU
		{7E0447A3-A161-4204-B088-CF43326778BF}.Debug|Any CPU.Build.0 = Debug|Any CPU
		{7E0447A3-A161-4204-B088-CF43326778BF}.Release|Any CPU.ActiveCfg = Release|Any CPU
		{7E0447A3-A161-4204-B088-CF43326778BF}.Release|Any CPU.Build.0 = Release|Any CPU
		{CC86F52D-3846-47FA-93CA-05FB590B3BE5}.Debug|Any CPU.ActiveCfg = Debug|Any CPU
		{CC86F52D-3846-47FA-93CA-05FB590B3BE5}.Debug|Any CPU.Build.0 = Debug|Any CPU
		{CC86F52D-3846-47FA-93CA-05FB590B3BE5}.Release|Any CPU.ActiveCfg = Release|Any CPU
		{CC86F52D-3846-47FA-93CA-05FB590B3BE5}.Release|Any CPU.Build.0 = Release|Any CPU
		{90EAEFD3-3AC7-4680-B98B-F749DB6DD791}.Debug|Any CPU.ActiveCfg = Debug|Any CPU
		{90EAEFD3-3AC7-4680-B98B-F749DB6DD791}.Debug|Any CPU.Build.0 = Debug|Any CPU
		{90EAEFD3-3AC7-4680-B98B-F749DB6DD791}.Release|Any CPU.ActiveCfg = Release|Any CPU
		{90EAEFD3-3AC7-4680-B98B-F749DB6DD791}.Release|Any CPU.Build.0 = Release|Any CPU
		{69A01028-1DDF-40A0-80D4-3016FF1EF344}.Debug|Any CPU.ActiveCfg = Debug|Any CPU
		{69A01028-1DDF-40A0-80D4-3016FF1EF344}.Debug|Any CPU.Build.0 = Debug|Any CPU
		{69A01028-1DDF-40A0-80D4-3016FF1EF344}.Release|Any CPU.ActiveCfg = Release|Any CPU
		{69A01028-1DDF-40A0-80D4-3016FF1EF344}.Release|Any CPU.Build.0 = Release|Any CPU
		{B01A0EC7-3BE9-4F2C-8025-0119E014EE0E}.Debug|Any CPU.ActiveCfg = Debug|Any CPU
		{B01A0EC7-3BE9-4F2C-8025-0119E014EE0E}.Debug|Any CPU.Build.0 = Debug|Any CPU
		{B01A0EC7-3BE9-4F2C-8025-0119E014EE0E}.Release|Any CPU.ActiveCfg = Release|Any CPU
		{B01A0EC7-3BE9-4F2C-8025-0119E014EE0E}.Release|Any CPU.Build.0 = Release|Any CPU
		{386C01E2-F53B-4496-A56C-2EC7CC881B34}.Debug|Any CPU.ActiveCfg = Debug|Any CPU
		{386C01E2-F53B-4496-A56C-2EC7CC881B34}.Debug|Any CPU.Build.0 = Debug|Any CPU
		{386C01E2-F53B-4496-A56C-2EC7CC881B34}.Release|Any CPU.ActiveCfg = Release|Any CPU
		{386C01E2-F53B-4496-A56C-2EC7CC881B34}.Release|Any CPU.Build.0 = Release|Any CPU
		{E4B4C313-9EF4-4FD9-B722-4F46E11D7EA6}.Debug|Any CPU.ActiveCfg = Debug|Any CPU
		{E4B4C313-9EF4-4FD9-B722-4F46E11D7EA6}.Debug|Any CPU.Build.0 = Debug|Any CPU
		{E4B4C313-9EF4-4FD9-B722-4F46E11D7EA6}.Release|Any CPU.ActiveCfg = Release|Any CPU
		{E4B4C313-9EF4-4FD9-B722-4F46E11D7EA6}.Release|Any CPU.Build.0 = Release|Any CPU
		{02B76BA9-6245-4376-87B8-7C28A86B4F67}.Debug|Any CPU.ActiveCfg = Debug|Any CPU
		{02B76BA9-6245-4376-87B8-7C28A86B4F67}.Debug|Any CPU.Build.0 = Debug|Any CPU
		{02B76BA9-6245-4376-87B8-7C28A86B4F67}.Release|Any CPU.ActiveCfg = Release|Any CPU
		{02B76BA9-6245-4376-87B8-7C28A86B4F67}.Release|Any CPU.Build.0 = Release|Any CPU
		{845C4896-FBB2-42B5-B968-A08B2655714A}.Debug|Any CPU.ActiveCfg = Debug|Any CPU
		{845C4896-FBB2-42B5-B968-A08B2655714A}.Debug|Any CPU.Build.0 = Debug|Any CPU
		{845C4896-FBB2-42B5-B968-A08B2655714A}.Release|Any CPU.ActiveCfg = Release|Any CPU
		{845C4896-FBB2-42B5-B968-A08B2655714A}.Release|Any CPU.Build.0 = Release|Any CPU
		{E178415A-3C8C-49B1-AB42-4B7C44F63B68}.Debug|Any CPU.ActiveCfg = Debug|Any CPU
		{E178415A-3C8C-49B1-AB42-4B7C44F63B68}.Debug|Any CPU.Build.0 = Debug|Any CPU
		{E178415A-3C8C-49B1-AB42-4B7C44F63B68}.Release|Any CPU.ActiveCfg = Release|Any CPU
		{E178415A-3C8C-49B1-AB42-4B7C44F63B68}.Release|Any CPU.Build.0 = Release|Any CPU
		{3F2416E5-7547-4BDB-BA3A-3988C8C3F6AB}.Debug|Any CPU.ActiveCfg = Debug|Any CPU
		{3F2416E5-7547-4BDB-BA3A-3988C8C3F6AB}.Debug|Any CPU.Build.0 = Debug|Any CPU
		{3F2416E5-7547-4BDB-BA3A-3988C8C3F6AB}.Release|Any CPU.ActiveCfg = Release|Any CPU
		{3F2416E5-7547-4BDB-BA3A-3988C8C3F6AB}.Release|Any CPU.Build.0 = Release|Any CPU
		{EFB8F325-94BE-45E5-B5D1-E3F3DE65519C}.Debug|Any CPU.ActiveCfg = Debug|Any CPU
		{EFB8F325-94BE-45E5-B5D1-E3F3DE65519C}.Debug|Any CPU.Build.0 = Debug|Any CPU
		{EFB8F325-94BE-45E5-B5D1-E3F3DE65519C}.Release|Any CPU.ActiveCfg = Release|Any CPU
		{EFB8F325-94BE-45E5-B5D1-E3F3DE65519C}.Release|Any CPU.Build.0 = Release|Any CPU
		{18960C51-8C4F-4B18-874E-CB50EB16C502}.Debug|Any CPU.ActiveCfg = Debug|Any CPU
		{18960C51-8C4F-4B18-874E-CB50EB16C502}.Debug|Any CPU.Build.0 = Debug|Any CPU
		{18960C51-8C4F-4B18-874E-CB50EB16C502}.Release|Any CPU.ActiveCfg = Release|Any CPU
		{18960C51-8C4F-4B18-874E-CB50EB16C502}.Release|Any CPU.Build.0 = Release|Any CPU
	EndGlobalSection
	GlobalSection(SolutionProperties) = preSolution
		HideSolutionNode = FALSE
	EndGlobalSection
	GlobalSection(NestedProjects) = preSolution
		{5E0CD496-4A6E-4A32-B112-26E0A02BA5E5} = {6A67C71F-D7E9-418C-9261-2E0CACB98A76}
		{E0D67B21-665A-4999-9A9D-6C63BD62D2F3} = {6A67C71F-D7E9-418C-9261-2E0CACB98A76}
		{341129F7-746A-4C09-90E6-4C76D812F463} = {6A67C71F-D7E9-418C-9261-2E0CACB98A76}
		{04942D63-5E9E-484B-95F5-060538CAFEF4} = {5E0CD496-4A6E-4A32-B112-26E0A02BA5E5}
		{7E0447A3-A161-4204-B088-CF43326778BF} = {04942D63-5E9E-484B-95F5-060538CAFEF4}
		{CC86F52D-3846-47FA-93CA-05FB590B3BE5} = {5E0CD496-4A6E-4A32-B112-26E0A02BA5E5}
		{90EAEFD3-3AC7-4680-B98B-F749DB6DD791} = {5E0CD496-4A6E-4A32-B112-26E0A02BA5E5}
		{69A01028-1DDF-40A0-80D4-3016FF1EF344} = {5E0CD496-4A6E-4A32-B112-26E0A02BA5E5}
		{B01A0EC7-3BE9-4F2C-8025-0119E014EE0E} = {E0D67B21-665A-4999-9A9D-6C63BD62D2F3}
		{386C01E2-F53B-4496-A56C-2EC7CC881B34} = {341129F7-746A-4C09-90E6-4C76D812F463}
		{E4B4C313-9EF4-4FD9-B722-4F46E11D7EA6} = {341129F7-746A-4C09-90E6-4C76D812F463}
		{02B76BA9-6245-4376-87B8-7C28A86B4F67} = {341129F7-746A-4C09-90E6-4C76D812F463}
		{845C4896-FBB2-42B5-B968-A08B2655714A} = {C65B0AF6-50E5-4CC4-B87A-F620B88F0A8F}
		{0D8820CF-7B54-47DF-8E27-2D0D852AAB76} = {6A67C71F-D7E9-418C-9261-2E0CACB98A76}
		{E178415A-3C8C-49B1-AB42-4B7C44F63B68} = {0D8820CF-7B54-47DF-8E27-2D0D852AAB76}
		{3F2416E5-7547-4BDB-BA3A-3988C8C3F6AB} = {0D8820CF-7B54-47DF-8E27-2D0D852AAB76}
		{EFB8F325-94BE-45E5-B5D1-E3F3DE65519C} = {0D8820CF-7B54-47DF-8E27-2D0D852AAB76}
		{18960C51-8C4F-4B18-874E-CB50EB16C502} = {E72ECB19-6F57-4269-A1B3-20356B8474EE}
	EndGlobalSection
	GlobalSection(ExtensibilityGlobals) = postSolution
		SolutionGuid = {65D72384-F17B-4AFF-9FF1-9267E7BD3F9D}
	EndGlobalSection
EndGlobal
